// !$*UTF8*$!
{
	archiveVersion = 1;
	classes = {
	};
	objectVersion = 51;
	objects = {

/* Begin PBXBuildFile section */
		54E79B2ABEB4F7003F0E57ED /* Pods_unsplash_ios.framework in Frameworks */ = {isa = PBXBuildFile; fileRef = 86AEB7656A842804B9A7FDAD /* Pods_unsplash_ios.framework */; };
		635A30D525ECE1F20007FED6 /* QueryGridCell.swift in Sources */ = {isa = PBXBuildFile; fileRef = 635A30D325ECE1F20007FED6 /* QueryGridCell.swift */; };
		635A30D625ECE1F20007FED6 /* QueryGridCell.xib in Resources */ = {isa = PBXBuildFile; fileRef = 635A30D425ECE1F20007FED6 /* QueryGridCell.xib */; };
		635A30D925ED11B00007FED6 /* QueryGirdPresenter.swift in Sources */ = {isa = PBXBuildFile; fileRef = 635A30D825ED11B00007FED6 /* QueryGirdPresenter.swift */; };
		635A30EB25F0E1B90007FED6 /* ExpandedPhotoViewController.swift in Sources */ = {isa = PBXBuildFile; fileRef = 635A30EA25F0E1B90007FED6 /* ExpandedPhotoViewController.swift */; };
		635A30EE25F0E1C70007FED6 /* ExpandedPhotoPresenter.swift in Sources */ = {isa = PBXBuildFile; fileRef = 635A30ED25F0E1C70007FED6 /* ExpandedPhotoPresenter.swift */; };
		6390425F25E69BF6003372FA /* BackendCallback.swift in Sources */ = {isa = PBXBuildFile; fileRef = 6390425E25E69BF6003372FA /* BackendCallback.swift */; };
		6393E55425F8BBC000EC6652 /* SearchPhotosPresenter.swift in Sources */ = {isa = PBXBuildFile; fileRef = 6393E55325F8BBC000EC6652 /* SearchPhotosPresenter.swift */; };
		63A422F825E8DBD300A05500 /* QueryGridViewController.swift in Sources */ = {isa = PBXBuildFile; fileRef = 63A422F725E8DBD300A05500 /* QueryGridViewController.swift */; };
		63A4B32E25E3B777001C4F62 /* AppDelegate.swift in Sources */ = {isa = PBXBuildFile; fileRef = 63A4B32D25E3B777001C4F62 /* AppDelegate.swift */; };
		63A4B33025E3B777001C4F62 /* SceneDelegate.swift in Sources */ = {isa = PBXBuildFile; fileRef = 63A4B32F25E3B777001C4F62 /* SceneDelegate.swift */; };
		63A4B33225E3B777001C4F62 /* SearchPhotosViewController.swift in Sources */ = {isa = PBXBuildFile; fileRef = 63A4B33125E3B777001C4F62 /* SearchPhotosViewController.swift */; };
		63A4B33525E3B777001C4F62 /* Main.storyboard in Resources */ = {isa = PBXBuildFile; fileRef = 63A4B33325E3B777001C4F62 /* Main.storyboard */; };
		63A4B33725E3B778001C4F62 /* Assets.xcassets in Resources */ = {isa = PBXBuildFile; fileRef = 63A4B33625E3B778001C4F62 /* Assets.xcassets */; };
		63A4B33A25E3B778001C4F62 /* LaunchScreen.storyboard in Resources */ = {isa = PBXBuildFile; fileRef = 63A4B33825E3B778001C4F62 /* LaunchScreen.storyboard */; };
		63E61C8325E3E515007B5A4D /* APIManager.swift in Sources */ = {isa = PBXBuildFile; fileRef = 63E61C8225E3E515007B5A4D /* APIManager.swift */; };
		63E61C8725E3F074007B5A4D /* ApiModelsPhoto.swift in Sources */ = {isa = PBXBuildFile; fileRef = 63E61C8625E3F074007B5A4D /* ApiModelsPhoto.swift */; };
/* End PBXBuildFile section */

/* Begin PBXFileReference section */
		269CC0F27747C6D60A82687D /* Pods-unsplash-ios.release.xcconfig */ = {isa = PBXFileReference; includeInIndex = 1; lastKnownFileType = text.xcconfig; name = "Pods-unsplash-ios.release.xcconfig"; path = "Target Support Files/Pods-unsplash-ios/Pods-unsplash-ios.release.xcconfig"; sourceTree = "<group>"; };
		3745917E5A9A8E0391334099 /* Pods-unsplash-ios.debug.xcconfig */ = {isa = PBXFileReference; includeInIndex = 1; lastKnownFileType = text.xcconfig; name = "Pods-unsplash-ios.debug.xcconfig"; path = "Target Support Files/Pods-unsplash-ios/Pods-unsplash-ios.debug.xcconfig"; sourceTree = "<group>"; };
		635A30D325ECE1F20007FED6 /* QueryGridCell.swift */ = {isa = PBXFileReference; lastKnownFileType = sourcecode.swift; path = QueryGridCell.swift; sourceTree = "<group>"; };
		635A30D425ECE1F20007FED6 /* QueryGridCell.xib */ = {isa = PBXFileReference; lastKnownFileType = file.xib; path = QueryGridCell.xib; sourceTree = "<group>"; };
		635A30D825ED11B00007FED6 /* QueryGirdPresenter.swift */ = {isa = PBXFileReference; lastKnownFileType = sourcecode.swift; path = QueryGirdPresenter.swift; sourceTree = "<group>"; };
		635A30EA25F0E1B90007FED6 /* ExpandedPhotoViewController.swift */ = {isa = PBXFileReference; lastKnownFileType = sourcecode.swift; path = ExpandedPhotoViewController.swift; sourceTree = "<group>"; };
		635A30ED25F0E1C70007FED6 /* ExpandedPhotoPresenter.swift */ = {isa = PBXFileReference; lastKnownFileType = sourcecode.swift; path = ExpandedPhotoPresenter.swift; sourceTree = "<group>"; };
		6390425E25E69BF6003372FA /* BackendCallback.swift */ = {isa = PBXFileReference; lastKnownFileType = sourcecode.swift; path = BackendCallback.swift; sourceTree = "<group>"; };
		6393E55325F8BBC000EC6652 /* SearchPhotosPresenter.swift */ = {isa = PBXFileReference; lastKnownFileType = sourcecode.swift; path = SearchPhotosPresenter.swift; sourceTree = "<group>"; };
		63A422F725E8DBD300A05500 /* QueryGridViewController.swift */ = {isa = PBXFileReference; lastKnownFileType = sourcecode.swift; path = QueryGridViewController.swift; sourceTree = "<group>"; };
		63A4B32A25E3B777001C4F62 /* unsplash-ios.app */ = {isa = PBXFileReference; explicitFileType = wrapper.application; includeInIndex = 0; path = "unsplash-ios.app"; sourceTree = BUILT_PRODUCTS_DIR; };
		63A4B32D25E3B777001C4F62 /* AppDelegate.swift */ = {isa = PBXFileReference; lastKnownFileType = sourcecode.swift; path = AppDelegate.swift; sourceTree = "<group>"; };
		63A4B32F25E3B777001C4F62 /* SceneDelegate.swift */ = {isa = PBXFileReference; lastKnownFileType = sourcecode.swift; path = SceneDelegate.swift; sourceTree = "<group>"; };
		63A4B33125E3B777001C4F62 /* SearchPhotosViewController.swift */ = {isa = PBXFileReference; lastKnownFileType = sourcecode.swift; path = SearchPhotosViewController.swift; sourceTree = "<group>"; };
		63A4B33425E3B777001C4F62 /* Base */ = {isa = PBXFileReference; lastKnownFileType = file.storyboard; name = Base; path = Base.lproj/Main.storyboard; sourceTree = "<group>"; };
		63A4B33625E3B778001C4F62 /* Assets.xcassets */ = {isa = PBXFileReference; lastKnownFileType = folder.assetcatalog; path = Assets.xcassets; sourceTree = "<group>"; };
		63A4B33925E3B778001C4F62 /* Base */ = {isa = PBXFileReference; lastKnownFileType = file.storyboard; name = Base; path = Base.lproj/LaunchScreen.storyboard; sourceTree = "<group>"; };
		63A4B33B25E3B778001C4F62 /* Info.plist */ = {isa = PBXFileReference; lastKnownFileType = text.plist.xml; path = Info.plist; sourceTree = "<group>"; };
		63E61C8225E3E515007B5A4D /* APIManager.swift */ = {isa = PBXFileReference; lastKnownFileType = sourcecode.swift; path = APIManager.swift; sourceTree = "<group>"; };
		63E61C8625E3F074007B5A4D /* ApiModelsPhoto.swift */ = {isa = PBXFileReference; lastKnownFileType = sourcecode.swift; path = ApiModelsPhoto.swift; sourceTree = "<group>"; };
		86AEB7656A842804B9A7FDAD /* Pods_unsplash_ios.framework */ = {isa = PBXFileReference; explicitFileType = wrapper.framework; includeInIndex = 0; path = Pods_unsplash_ios.framework; sourceTree = BUILT_PRODUCTS_DIR; };
/* End PBXFileReference section */

/* Begin PBXFrameworksBuildPhase section */
		63A4B32725E3B777001C4F62 /* Frameworks */ = {
			isa = PBXFrameworksBuildPhase;
			buildActionMask = 2147483647;
			files = (
				54E79B2ABEB4F7003F0E57ED /* Pods_unsplash_ios.framework in Frameworks */,
			);
			runOnlyForDeploymentPostprocessing = 0;
		};
/* End PBXFrameworksBuildPhase section */

/* Begin PBXGroup section */
		10C528E53EE805FB2249314F /* Pods */ = {
			isa = PBXGroup;
			children = (
				3745917E5A9A8E0391334099 /* Pods-unsplash-ios.debug.xcconfig */,
				269CC0F27747C6D60A82687D /* Pods-unsplash-ios.release.xcconfig */,
			);
			path = Pods;
			sourceTree = "<group>";
		};
		635A30D225ECE1BD0007FED6 /* Cells */ = {
			isa = PBXGroup;
			children = (
				635A30D325ECE1F20007FED6 /* QueryGridCell.swift */,
				635A30D425ECE1F20007FED6 /* QueryGridCell.xib */,
			);
			path = Cells;
			sourceTree = "<group>";
		};
		635A30E925F0E0590007FED6 /* ExpandedPhoto */ = {
			isa = PBXGroup;
			children = (
				635A30EA25F0E1B90007FED6 /* ExpandedPhotoViewController.swift */,
				635A30ED25F0E1C70007FED6 /* ExpandedPhotoPresenter.swift */,
			);
			path = ExpandedPhoto;
			sourceTree = "<group>";
		};
		6390425325E64A67003372FA /* Extension */ = {
			isa = PBXGroup;
			children = (
			);
			path = Extension;
			sourceTree = "<group>";
		};
		6390426325E78E46003372FA /* SearchPhotos */ = {
			isa = PBXGroup;
			children = (
				63A4B33125E3B777001C4F62 /* SearchPhotosViewController.swift */,
				6393E55325F8BBC000EC6652 /* SearchPhotosPresenter.swift */,
			);
			path = SearchPhotos;
			sourceTree = "<group>";
		};
		63A422F625E8DB9500A05500 /* QueryGrid */ = {
			isa = PBXGroup;
			children = (
				635A30D225ECE1BD0007FED6 /* Cells */,
				63A422F725E8DBD300A05500 /* QueryGridViewController.swift */,
				635A30D825ED11B00007FED6 /* QueryGirdPresenter.swift */,
			);
			path = QueryGrid;
			sourceTree = "<group>";
		};
		63A4B32125E3B777001C4F62 = {
			isa = PBXGroup;
			children = (
				63A4B32C25E3B777001C4F62 /* unsplash-ios */,
				63A4B32B25E3B777001C4F62 /* Products */,
				10C528E53EE805FB2249314F /* Pods */,
				747ACBDF4F1D3F5388E94AC5 /* Frameworks */,
			);
			sourceTree = "<group>";
		};
		63A4B32B25E3B777001C4F62 /* Products */ = {
			isa = PBXGroup;
			children = (
				63A4B32A25E3B777001C4F62 /* unsplash-ios.app */,
			);
			name = Products;
			sourceTree = "<group>";
		};
		63A4B32C25E3B777001C4F62 /* unsplash-ios */ = {
			isa = PBXGroup;
			children = (
				63E61C7125E3CE8C007B5A4D /* Scene */,
				63E61C7025E3CE83007B5A4D /* Resources */,
				63E61C6F25E3CE7D007B5A4D /* Model */,
				63E61C6E25E3CE73007B5A4D /* Configs */,
				63E61C6D25E3CE6C007B5A4D /* Backend */,
				63E61C6B25E3CE47007B5A4D /* Application */,
				63A4B33825E3B778001C4F62 /* LaunchScreen.storyboard */,
			);
			path = "unsplash-ios";
			sourceTree = "<group>";
		};
		63E61C6B25E3CE47007B5A4D /* Application */ = {
			isa = PBXGroup;
			children = (
				6390425325E64A67003372FA /* Extension */,
				63A4B32F25E3B777001C4F62 /* SceneDelegate.swift */,
				63A4B32D25E3B777001C4F62 /* AppDelegate.swift */,
			);
			path = Application;
			sourceTree = "<group>";
		};
		63E61C6D25E3CE6C007B5A4D /* Backend */ = {
			isa = PBXGroup;
			children = (
				63E61C8225E3E515007B5A4D /* APIManager.swift */,
				6390425E25E69BF6003372FA /* BackendCallback.swift */,
			);
			path = Backend;
			sourceTree = "<group>";
		};
		63E61C6E25E3CE73007B5A4D /* Configs */ = {
			isa = PBXGroup;
			children = (
				63A4B33B25E3B778001C4F62 /* Info.plist */,
			);
			path = Configs;
			sourceTree = "<group>";
		};
		63E61C6F25E3CE7D007B5A4D /* Model */ = {
			isa = PBXGroup;
			children = (
				63E61C8525E3F023007B5A4D /* Api */,
			);
			path = Model;
			sourceTree = "<group>";
		};
		63E61C7025E3CE83007B5A4D /* Resources */ = {
			isa = PBXGroup;
			children = (
				63A4B33625E3B778001C4F62 /* Assets.xcassets */,
			);
			path = Resources;
			sourceTree = "<group>";
		};
		63E61C7125E3CE8C007B5A4D /* Scene */ = {
			isa = PBXGroup;
			children = (
				635A30E925F0E0590007FED6 /* ExpandedPhoto */,
				63A422F625E8DB9500A05500 /* QueryGrid */,
				6390426325E78E46003372FA /* SearchPhotos */,
				63E61C7225E3D02D007B5A4D /* Storyboards */,
			);
			path = Scene;
			sourceTree = "<group>";
		};
		63E61C7225E3D02D007B5A4D /* Storyboards */ = {
			isa = PBXGroup;
			children = (
				63A4B33325E3B777001C4F62 /* Main.storyboard */,
			);
			path = Storyboards;
			sourceTree = "<group>";
		};
		63E61C8525E3F023007B5A4D /* Api */ = {
			isa = PBXGroup;
			children = (
				63E61C8625E3F074007B5A4D /* ApiModelsPhoto.swift */,
			);
			path = Api;
			sourceTree = "<group>";
		};
		747ACBDF4F1D3F5388E94AC5 /* Frameworks */ = {
			isa = PBXGroup;
			children = (
				86AEB7656A842804B9A7FDAD /* Pods_unsplash_ios.framework */,
			);
			name = Frameworks;
			sourceTree = "<group>";
		};
/* End PBXGroup section */

/* Begin PBXNativeTarget section */
		63A4B32925E3B777001C4F62 /* unsplash-ios */ = {
			isa = PBXNativeTarget;
			buildConfigurationList = 63A4B33E25E3B778001C4F62 /* Build configuration list for PBXNativeTarget "unsplash-ios" */;
			buildPhases = (
				2523D2CB50CBA3A177AB6597 /* [CP] Check Pods Manifest.lock */,
				63A4B32625E3B777001C4F62 /* Sources */,
				63A4B32725E3B777001C4F62 /* Frameworks */,
				63A4B32825E3B777001C4F62 /* Resources */,
				F68AFA994C333C46AC1AA4D2 /* [CP] Embed Pods Frameworks */,
				631D49C025FA08090081C91C /* ShellScript */,
			);
			buildRules = (
			);
			dependencies = (
			);
			name = "unsplash-ios";
			productName = "unsplash-ios";
			productReference = 63A4B32A25E3B777001C4F62 /* unsplash-ios.app */;
			productType = "com.apple.product-type.application";
		};
/* End PBXNativeTarget section */

/* Begin PBXProject section */
		63A4B32225E3B777001C4F62 /* Project object */ = {
			isa = PBXProject;
			attributes = {
				LastSwiftUpdateCheck = 1240;
				LastUpgradeCheck = 1240;
				TargetAttributes = {
					63A4B32925E3B777001C4F62 = {
						CreatedOnToolsVersion = 12.4;
					};
				};
			};
			buildConfigurationList = 63A4B32525E3B777001C4F62 /* Build configuration list for PBXProject "unsplash-ios" */;
			compatibilityVersion = "Xcode 9.3";
			developmentRegion = en;
			hasScannedForEncodings = 0;
			knownRegions = (
				en,
				Base,
			);
			mainGroup = 63A4B32125E3B777001C4F62;
			productRefGroup = 63A4B32B25E3B777001C4F62 /* Products */;
			projectDirPath = "";
			projectRoot = "";
			targets = (
				63A4B32925E3B777001C4F62 /* unsplash-ios */,
			);
		};
/* End PBXProject section */

/* Begin PBXResourcesBuildPhase section */
		63A4B32825E3B777001C4F62 /* Resources */ = {
			isa = PBXResourcesBuildPhase;
			buildActionMask = 2147483647;
			files = (
				63A4B33A25E3B778001C4F62 /* LaunchScreen.storyboard in Resources */,
				63A4B33725E3B778001C4F62 /* Assets.xcassets in Resources */,
				635A30D625ECE1F20007FED6 /* QueryGridCell.xib in Resources */,
				63A4B33525E3B777001C4F62 /* Main.storyboard in Resources */,
			);
			runOnlyForDeploymentPostprocessing = 0;
		};
/* End PBXResourcesBuildPhase section */

/* Begin PBXShellScriptBuildPhase section */
		2523D2CB50CBA3A177AB6597 /* [CP] Check Pods Manifest.lock */ = {
			isa = PBXShellScriptBuildPhase;
			buildActionMask = 2147483647;
			files = (
			);
			inputFileListPaths = (
			);
			inputPaths = (
				"${PODS_PODFILE_DIR_PATH}/Podfile.lock",
				"${PODS_ROOT}/Manifest.lock",
			);
			name = "[CP] Check Pods Manifest.lock";
			outputFileListPaths = (
			);
			outputPaths = (
				"$(DERIVED_FILE_DIR)/Pods-unsplash-ios-checkManifestLockResult.txt",
			);
			runOnlyForDeploymentPostprocessing = 0;
			shellPath = /bin/sh;
			shellScript = "diff \"${PODS_PODFILE_DIR_PATH}/Podfile.lock\" \"${PODS_ROOT}/Manifest.lock\" > /dev/null\nif [ $? != 0 ] ; then\n    # print error to STDERR\n    echo \"error: The sandbox is not in sync with the Podfile.lock. Run 'pod install' or update your CocoaPods installation.\" >&2\n    exit 1\nfi\n# This output is used by Xcode 'outputs' to avoid re-running this script phase.\necho \"SUCCESS\" > \"${SCRIPT_OUTPUT_FILE_0}\"\n";
			showEnvVarsInLog = 0;
		};
		631D49C025FA08090081C91C /* ShellScript */ = {
			isa = PBXShellScriptBuildPhase;
			buildActionMask = 2147483647;
			files = (
			);
			inputFileListPaths = (
			);
			inputPaths = (
			);
			outputFileListPaths = (
			);
			outputPaths = (
			);
			runOnlyForDeploymentPostprocessing = 0;
			shellPath = /bin/sh;
			shellScript = "${PODS_ROOT}/SwiftLint/swiftlint\n";
		};
		F68AFA994C333C46AC1AA4D2 /* [CP] Embed Pods Frameworks */ = {
			isa = PBXShellScriptBuildPhase;
			buildActionMask = 2147483647;
			files = (
			);
			inputFileListPaths = (
				"${PODS_ROOT}/Target Support Files/Pods-unsplash-ios/Pods-unsplash-ios-frameworks-${CONFIGURATION}-input-files.xcfilelist",
			);
			name = "[CP] Embed Pods Frameworks";
			outputFileListPaths = (
				"${PODS_ROOT}/Target Support Files/Pods-unsplash-ios/Pods-unsplash-ios-frameworks-${CONFIGURATION}-output-files.xcfilelist",
			);
			runOnlyForDeploymentPostprocessing = 0;
			shellPath = /bin/sh;
			shellScript = "\"${PODS_ROOT}/Target Support Files/Pods-unsplash-ios/Pods-unsplash-ios-frameworks.sh\"\n";
			showEnvVarsInLog = 0;
		};
/* End PBXShellScriptBuildPhase section */

/* Begin PBXSourcesBuildPhase section */
		63A4B32625E3B777001C4F62 /* Sources */ = {
			isa = PBXSourcesBuildPhase;
			buildActionMask = 2147483647;
			files = (
				6390425F25E69BF6003372FA /* BackendCallback.swift in Sources */,
				6393E55425F8BBC000EC6652 /* SearchPhotosPresenter.swift in Sources */,
				635A30D525ECE1F20007FED6 /* QueryGridCell.swift in Sources */,
				635A30EE25F0E1C70007FED6 /* ExpandedPhotoPresenter.swift in Sources */,
				635A30EB25F0E1B90007FED6 /* ExpandedPhotoViewController.swift in Sources */,
				63E61C8725E3F074007B5A4D /* ApiModelsPhoto.swift in Sources */,
				63A422F825E8DBD300A05500 /* QueryGridViewController.swift in Sources */,
				63E61C8325E3E515007B5A4D /* APIManager.swift in Sources */,
				63A4B33225E3B777001C4F62 /* SearchPhotosViewController.swift in Sources */,
				63A4B32E25E3B777001C4F62 /* AppDelegate.swift in Sources */,
				63A4B33025E3B777001C4F62 /* SceneDelegate.swift in Sources */,
				635A30D925ED11B00007FED6 /* QueryGirdPresenter.swift in Sources */,
			);
			runOnlyForDeploymentPostprocessing = 0;
		};
/* End PBXSourcesBuildPhase section */

/* Begin PBXVariantGroup section */
		63A4B33325E3B777001C4F62 /* Main.storyboard */ = {
			isa = PBXVariantGroup;
			children = (
				63A4B33425E3B777001C4F62 /* Base */,
			);
			name = Main.storyboard;
			sourceTree = "<group>";
		};
		63A4B33825E3B778001C4F62 /* LaunchScreen.storyboard */ = {
			isa = PBXVariantGroup;
			children = (
				63A4B33925E3B778001C4F62 /* Base */,
			);
			name = LaunchScreen.storyboard;
			sourceTree = "<group>";
		};
/* End PBXVariantGroup section */

/* Begin XCBuildConfiguration section */
		63A4B33C25E3B778001C4F62 /* Debug */ = {
			isa = XCBuildConfiguration;
			buildSettings = {
				ALWAYS_SEARCH_USER_PATHS = NO;
				CLANG_ANALYZER_NONNULL = YES;
				CLANG_ANALYZER_NUMBER_OBJECT_CONVERSION = YES_AGGRESSIVE;
				CLANG_CXX_LANGUAGE_STANDARD = "gnu++14";
				CLANG_CXX_LIBRARY = "libc++";
				CLANG_ENABLE_MODULES = YES;
				CLANG_ENABLE_OBJC_ARC = YES;
				CLANG_ENABLE_OBJC_WEAK = YES;
				CLANG_WARN_BLOCK_CAPTURE_AUTORELEASING = YES;
				CLANG_WARN_BOOL_CONVERSION = YES;
				CLANG_WARN_COMMA = YES;
				CLANG_WARN_CONSTANT_CONVERSION = YES;
				CLANG_WARN_DEPRECATED_OBJC_IMPLEMENTATIONS = YES;
				CLANG_WARN_DIRECT_OBJC_ISA_USAGE = YES_ERROR;
				CLANG_WARN_DOCUMENTATION_COMMENTS = YES;
				CLANG_WARN_EMPTY_BODY = YES;
				CLANG_WARN_ENUM_CONVERSION = YES;
				CLANG_WARN_INFINITE_RECURSION = YES;
				CLANG_WARN_INT_CONVERSION = YES;
				CLANG_WARN_NON_LITERAL_NULL_CONVERSION = YES;
				CLANG_WARN_OBJC_IMPLICIT_RETAIN_SELF = YES;
				CLANG_WARN_OBJC_LITERAL_CONVERSION = YES;
				CLANG_WARN_OBJC_ROOT_CLASS = YES_ERROR;
				CLANG_WARN_QUOTED_INCLUDE_IN_FRAMEWORK_HEADER = YES;
				CLANG_WARN_RANGE_LOOP_ANALYSIS = YES;
				CLANG_WARN_STRICT_PROTOTYPES = YES;
				CLANG_WARN_SUSPICIOUS_MOVE = YES;
				CLANG_WARN_UNGUARDED_AVAILABILITY = YES_AGGRESSIVE;
				CLANG_WARN_UNREACHABLE_CODE = YES;
				CLANG_WARN__DUPLICATE_METHOD_MATCH = YES;
				COPY_PHASE_STRIP = NO;
				DEBUG_INFORMATION_FORMAT = dwarf;
				ENABLE_STRICT_OBJC_MSGSEND = YES;
				ENABLE_TESTABILITY = YES;
				GCC_C_LANGUAGE_STANDARD = gnu11;
				GCC_DYNAMIC_NO_PIC = NO;
				GCC_NO_COMMON_BLOCKS = YES;
				GCC_OPTIMIZATION_LEVEL = 0;
				GCC_PREPROCESSOR_DEFINITIONS = (
					"DEBUG=1",
					"$(inherited)",
				);
				GCC_WARN_64_TO_32_BIT_CONVERSION = YES;
				GCC_WARN_ABOUT_RETURN_TYPE = YES_ERROR;
				GCC_WARN_UNDECLARED_SELECTOR = YES;
				GCC_WARN_UNINITIALIZED_AUTOS = YES_AGGRESSIVE;
				GCC_WARN_UNUSED_FUNCTION = YES;
				GCC_WARN_UNUSED_VARIABLE = YES;
				IPHONEOS_DEPLOYMENT_TARGET = 14.4;
				MTL_ENABLE_DEBUG_INFO = INCLUDE_SOURCE;
				MTL_FAST_MATH = YES;
				ONLY_ACTIVE_ARCH = YES;
				SDKROOT = iphoneos;
				SWIFT_ACTIVE_COMPILATION_CONDITIONS = DEBUG;
				SWIFT_OPTIMIZATION_LEVEL = "-Onone";
			};
			name = Debug;
		};
		63A4B33D25E3B778001C4F62 /* Release */ = {
			isa = XCBuildConfiguration;
			buildSettings = {
				ALWAYS_SEARCH_USER_PATHS = NO;
				CLANG_ANALYZER_NONNULL = YES;
				CLANG_ANALYZER_NUMBER_OBJECT_CONVERSION = YES_AGGRESSIVE;
				CLANG_CXX_LANGUAGE_STANDARD = "gnu++14";
				CLANG_CXX_LIBRARY = "libc++";
				CLANG_ENABLE_MODULES = YES;
				CLANG_ENABLE_OBJC_ARC = YES;
				CLANG_ENABLE_OBJC_WEAK = YES;
				CLANG_WARN_BLOCK_CAPTURE_AUTORELEASING = YES;
				CLANG_WARN_BOOL_CONVERSION = YES;
				CLANG_WARN_COMMA = YES;
				CLANG_WARN_CONSTANT_CONVERSION = YES;
				CLANG_WARN_DEPRECATED_OBJC_IMPLEMENTATIONS = YES;
				CLANG_WARN_DIRECT_OBJC_ISA_USAGE = YES_ERROR;
				CLANG_WARN_DOCUMENTATION_COMMENTS = YES;
				CLANG_WARN_EMPTY_BODY = YES;
				CLANG_WARN_ENUM_CONVERSION = YES;
				CLANG_WARN_INFINITE_RECURSION = YES;
				CLANG_WARN_INT_CONVERSION = YES;
				CLANG_WARN_NON_LITERAL_NULL_CONVERSION = YES;
				CLANG_WARN_OBJC_IMPLICIT_RETAIN_SELF = YES;
				CLANG_WARN_OBJC_LITERAL_CONVERSION = YES;
				CLANG_WARN_OBJC_ROOT_CLASS = YES_ERROR;
				CLANG_WARN_QUOTED_INCLUDE_IN_FRAMEWORK_HEADER = YES;
				CLANG_WARN_RANGE_LOOP_ANALYSIS = YES;
				CLANG_WARN_STRICT_PROTOTYPES = YES;
				CLANG_WARN_SUSPICIOUS_MOVE = YES;
				CLANG_WARN_UNGUARDED_AVAILABILITY = YES_AGGRESSIVE;
				CLANG_WARN_UNREACHABLE_CODE = YES;
				CLANG_WARN__DUPLICATE_METHOD_MATCH = YES;
				COPY_PHASE_STRIP = NO;
				DEBUG_INFORMATION_FORMAT = "dwarf-with-dsym";
				ENABLE_NS_ASSERTIONS = NO;
				ENABLE_STRICT_OBJC_MSGSEND = YES;
				GCC_C_LANGUAGE_STANDARD = gnu11;
				GCC_NO_COMMON_BLOCKS = YES;
				GCC_WARN_64_TO_32_BIT_CONVERSION = YES;
				GCC_WARN_ABOUT_RETURN_TYPE = YES_ERROR;
				GCC_WARN_UNDECLARED_SELECTOR = YES;
				GCC_WARN_UNINITIALIZED_AUTOS = YES_AGGRESSIVE;
				GCC_WARN_UNUSED_FUNCTION = YES;
				GCC_WARN_UNUSED_VARIABLE = YES;
				IPHONEOS_DEPLOYMENT_TARGET = 14.4;
				MTL_ENABLE_DEBUG_INFO = NO;
				MTL_FAST_MATH = YES;
				SDKROOT = iphoneos;
				SWIFT_COMPILATION_MODE = wholemodule;
				SWIFT_OPTIMIZATION_LEVEL = "-O";
				VALIDATE_PRODUCT = YES;
			};
			name = Release;
		};
		63A4B33F25E3B778001C4F62 /* Debug */ = {
			isa = XCBuildConfiguration;
			baseConfigurationReference = 3745917E5A9A8E0391334099 /* Pods-unsplash-ios.debug.xcconfig */;
			buildSettings = {
				ASSETCATALOG_COMPILER_APPICON_NAME = AppIcon;
				ASSETCATALOG_COMPILER_GLOBAL_ACCENT_COLOR_NAME = AccentColor;
				CODE_SIGN_STYLE = Automatic;
				DEVELOPMENT_TEAM = VYL6QL5S85;
				INFOPLIST_FILE = "unsplash-ios/Configs/Info.plist";
				LD_RUNPATH_SEARCH_PATHS = (
					"$(inherited)",
					"@executable_path/Frameworks",
				);
				PRODUCT_BUNDLE_IDENTIFIER = "com.oscarsandahl.unsplash-ios";
				PRODUCT_NAME = "$(TARGET_NAME)";
				SWIFT_VERSION = 5.0;
				TARGETED_DEVICE_FAMILY = "1,2";
			};
			name = Debug;
		};
		63A4B34025E3B778001C4F62 /* Release */ = {
			isa = XCBuildConfiguration;
			baseConfigurationReference = 269CC0F27747C6D60A82687D /* Pods-unsplash-ios.release.xcconfig */;
			buildSettings = {
				ASSETCATALOG_COMPILER_APPICON_NAME = AppIcon;
				ASSETCATALOG_COMPILER_GLOBAL_ACCENT_COLOR_NAME = AccentColor;
				CODE_SIGN_STYLE = Automatic;
				DEVELOPMENT_TEAM = VYL6QL5S85;
				INFOPLIST_FILE = "unsplash-ios/Configs/Info.plist";
				LD_RUNPATH_SEARCH_PATHS = (
					"$(inherited)",
					"@executable_path/Frameworks",
				);
				PRODUCT_BUNDLE_IDENTIFIER = "com.oscarsandahl.unsplash-ios";
				PRODUCT_NAME = "$(TARGET_NAME)";
				SWIFT_VERSION = 5.0;
				TARGETED_DEVICE_FAMILY = "1,2";
			};
			name = Release;
		};
/* End XCBuildConfiguration section */

/* Begin XCConfigurationList section */
		63A4B32525E3B777001C4F62 /* Build configuration list for PBXProject "unsplash-ios" */ = {
			isa = XCConfigurationList;
			buildConfigurations = (
				63A4B33C25E3B778001C4F62 /* Debug */,
				63A4B33D25E3B778001C4F62 /* Release */,
			);
			defaultConfigurationIsVisible = 0;
			defaultConfigurationName = Release;
		};
		63A4B33E25E3B778001C4F62 /* Build configuration list for PBXNativeTarget "unsplash-ios" */ = {
			isa = XCConfigurationList;
			buildConfigurations = (
				63A4B33F25E3B778001C4F62 /* Debug */,
				63A4B34025E3B778001C4F62 /* Release */,
			);
			defaultConfigurationIsVisible = 0;
			defaultConfigurationName = Release;
		};
/* End XCConfigurationList section */
	};
	rootObject = 63A4B32225E3B777001C4F62 /* Project object */;
}
